
Microsoft Visual Studio Solution File, Format Version 12.00
# Visual Studio Version 17
VisualStudioVersion = 17.0.31912.275
MinimumVisualStudioVersion = 10.0.40219.1
Project("{9A19103F-16F7-4668-BE54-9A1E7A4F7556}") = "Many.Validators", "Many.Validators\Many.Validators.csproj", "{FBDD89CE-4B04-496A-8B7D-B011F949FFC0}"
EndProject
Project("{FAE04EC0-301F-11D3-BF4B-00C04F79EFBC}") = "Many.Validators.Tests", "Many.Validators.Tests\Many.Validators.Tests.csproj", "{34E4CF74-1BFA-4D38-A409-2FD5CDD05A02}"
EndProject
Project("{2150E333-8FDC-42A3-9474-1A3956D46DE8}") = "Solution Items", "Solution Items", "{45318F0A-73DC-4591-9271-3205C8658F9D}"
	ProjectSection(SolutionItems) = preProject
		LICENSE = LICENSE
		README.md = README.md
	EndProjectSection
EndProject
Global
	GlobalSection(SolutionConfigurationPlatforms) = preSolution
		Debug|Any CPU = Debug|Any CPU
		Release|Any CPU = Release|Any CPU
	EndGlobalSection
	GlobalSection(ProjectConfigurationPlatforms) = postSolution
		{FBDD89CE-4B04-496A-8B7D-B011F949FFC0}.Debug|Any CPU.ActiveCfg = Debug|Any CPU
		{FBDD89CE-4B04-496A-8B7D-B011F949FFC0}.Debug|Any CPU.Build.0 = Debug|Any CPU
		{FBDD89CE-4B04-496A-8B7D-B011F949FFC0}.Release|Any CPU.ActiveCfg = Release|Any CPU
		{FBDD89CE-4B04-496A-8B7D-B011F949FFC0}.Release|Any CPU.Build.0 = Release|Any CPU
		{34E4CF74-1BFA-4D38-A409-2FD5CDD05A02}.Debug|Any CPU.ActiveCfg = Debug|Any CPU
		{34E4CF74-1BFA-4D38-A409-2FD5CDD05A02}.Debug|Any CPU.Build.0 = Debug|Any CPU
		{34E4CF74-1BFA-4D38-A409-2FD5CDD05A02}.Release|Any CPU.ActiveCfg = Release|Any CPU
		{34E4CF74-1BFA-4D38-A409-2FD5CDD05A02}.Release|Any CPU.Build.0 = Release|Any CPU
	EndGlobalSection
	GlobalSection(SolutionProperties) = preSolution
		HideSolutionNode = FALSE
	EndGlobalSection
	GlobalSection(ExtensibilityGlobals) = postSolution
		SolutionGuid = {5AAF8C34-2B3D-436F-9140-D3CBE5954759}
	EndGlobalSection
EndGlobal
